
Microsoft Visual Studio Solution File, Format Version 12.00
# Visual Studio 2012
Project("{FAE04EC0-301F-11D3-BF4B-00C04F79EFBC}") = "MyFirstProject", "MyFirstProject\MyFirstProject.csproj", "{02CD5D15-C0C1-42D6-BD0F-6015508F82D5}"
EndProject
Project("{FAE04EC0-301F-11D3-BF4B-00C04F79EFBC}") = "Tests", "Tests\Tests.csproj", "{842F4187-023D-485F-9D77-B80785571B57}"
EndProject
Project("{FAE04EC0-301F-11D3-BF4B-00C04F79EFBC}") = "NMockTests", "NMockTests\NMockTests.csproj", "{50C62FAC-FE81-4C6A-8A71-DB92C5C79B29}"
EndProject
Project("{FAE04EC0-301F-11D3-BF4B-00C04F79EFBC}") = "MvcApplication1", "MvcApplication1\MvcApplication1.csproj", "{272034AF-EE70-4946-A27E-4FEE647C4CE6}"
EndProject
Project("{FAE04EC0-301F-11D3-BF4B-00C04F79EFBC}") = "MyFirstMVCProject", "MyFirstMVCProject\MyFirstMVCProject.csproj", "{F23564FC-A8D9-4B2F-9E0B-024ABA87A2EE}"
EndProject
Global
	GlobalSection(SolutionConfigurationPlatforms) = preSolution
		Debug|Any CPU = Debug|Any CPU
		Release|Any CPU = Release|Any CPU
	EndGlobalSection
	GlobalSection(ProjectConfigurationPlatforms) = postSolution
		{02CD5D15-C0C1-42D6-BD0F-6015508F82D5}.Debug|Any CPU.ActiveCfg = Debug|Any CPU
		{02CD5D15-C0C1-42D6-BD0F-6015508F82D5}.Debug|Any CPU.Build.0 = Debug|Any CPU
		{02CD5D15-C0C1-42D6-BD0F-6015508F82D5}.Release|Any CPU.ActiveCfg = Release|Any CPU
		{02CD5D15-C0C1-42D6-BD0F-6015508F82D5}.Release|Any CPU.Build.0 = Release|Any CPU
		{842F4187-023D-485F-9D77-B80785571B57}.Debug|Any CPU.ActiveCfg = Debug|Any CPU
		{842F4187-023D-485F-9D77-B80785571B57}.Debug|Any CPU.Build.0 = Debug|Any CPU
		{842F4187-023D-485F-9D77-B80785571B57}.Release|Any CPU.ActiveCfg = Release|Any CPU
		{842F4187-023D-485F-9D77-B80785571B57}.Release|Any CPU.Build.0 = Release|Any CPU
		{50C62FAC-FE81-4C6A-8A71-DB92C5C79B29}.Debug|Any CPU.ActiveCfg = Debug|Any CPU
		{50C62FAC-FE81-4C6A-8A71-DB92C5C79B29}.Debug|Any CPU.Build.0 = Debug|Any CPU
		{50C62FAC-FE81-4C6A-8A71-DB92C5C79B29}.Release|Any CPU.ActiveCfg = Release|Any CPU
		{50C62FAC-FE81-4C6A-8A71-DB92C5C79B29}.Release|Any CPU.Build.0 = Release|Any CPU
		{272034AF-EE70-4946-A27E-4FEE647C4CE6}.Debug|Any CPU.ActiveCfg = Debug|Any CPU
		{272034AF-EE70-4946-A27E-4FEE647C4CE6}.Debug|Any CPU.Build.0 = Debug|Any CPU
		{272034AF-EE70-4946-A27E-4FEE647C4CE6}.Release|Any CPU.ActiveCfg = Release|Any CPU
		{272034AF-EE70-4946-A27E-4FEE647C4CE6}.Release|Any CPU.Build.0 = Release|Any CPU
		{F23564FC-A8D9-4B2F-9E0B-024ABA87A2EE}.Debug|Any CPU.ActiveCfg = Debug|Any CPU
		{F23564FC-A8D9-4B2F-9E0B-024ABA87A2EE}.Debug|Any CPU.Build.0 = Debug|Any CPU
		{F23564FC-A8D9-4B2F-9E0B-024ABA87A2EE}.Release|Any CPU.ActiveCfg = Release|Any CPU
		{F23564FC-A8D9-4B2F-9E0B-024ABA87A2EE}.Release|Any CPU.Build.0 = Release|Any CPU
	EndGlobalSection
	GlobalSection(SolutionProperties) = preSolution
		HideSolutionNode = FALSE
	EndGlobalSection
EndGlobal
